// !$*UTF8*$!
{
	archiveVersion = 1;
	classes = {
	};
	objectVersion = 46;
	objects = {

/* Begin PBXBuildFile section */
		E11D1076186CD70800643AED /* ResourcePath.mm in Sources */ = {isa = PBXBuildFile; fileRef = E11D1075186CD70800643AED /* ResourcePath.mm */; };
		E11D1079186CD70800643AED /* main.cpp in Sources */ = {isa = PBXBuildFile; fileRef = E11D1078186CD70800643AED /* main.cpp */; };
		E11D1080186CD70800643AED /* sansation.ttf in Resources */ = {isa = PBXBuildFile; fileRef = E11D107F186CD70800643AED /* sansation.ttf */; };
		E11D1082186CD70800643AED /* icon.png in Resources */ = {isa = PBXBuildFile; fileRef = E11D1081186CD70800643AED /* icon.png */; };
		E11D108D186CDBFF00643AED /* Textures.cpp in Sources */ = {isa = PBXBuildFile; fileRef = E11D108B186CDBFF00643AED /* Textures.cpp */; };
		E11D108F186CE37C00643AED /* player.png in Resources */ = {isa = PBXBuildFile; fileRef = E11D108E186CE37C00643AED /* player.png */; };
		E12A98DF186CEA1A000EBD46 /* invader-2-frame-1.png in Resources */ = {isa = PBXBuildFile; fileRef = E12A98DD186CEA1A000EBD46 /* invader-2-frame-1.png */; };
		E12A98E0186CEA1A000EBD46 /* invader-2-frame-2.png in Resources */ = {isa = PBXBuildFile; fileRef = E12A98DE186CEA1A000EBD46 /* invader-2-frame-2.png */; };
		E12A98E3186CEB0B000EBD46 /* Invader.cpp in Sources */ = {isa = PBXBuildFile; fileRef = E12A98E1186CEB0B000EBD46 /* Invader.cpp */; };
		E12A98E6186DB800000EBD46 /* Player.cpp in Sources */ = {isa = PBXBuildFile; fileRef = E12A98E4186DB800000EBD46 /* Player.cpp */; };
		E12A98EC186E23AF000EBD46 /* StateBasedGame.cpp in Sources */ = {isa = PBXBuildFile; fileRef = E12A98EA186E23AF000EBD46 /* StateBasedGame.cpp */; };
		E12A98EF186E23DA000EBD46 /* GameState.cpp in Sources */ = {isa = PBXBuildFile; fileRef = E12A98ED186E23DA000EBD46 /* GameState.cpp */; };
		E12A98F2186E29DF000EBD46 /* PlayingState.cpp in Sources */ = {isa = PBXBuildFile; fileRef = E12A98F0186E29DF000EBD46 /* PlayingState.cpp */; };
/* End PBXBuildFile section */

/* Begin PBXFileReference section */
		E11D1070186CD70800643AED /* Space Invaders.app */ = {isa = PBXFileReference; explicitFileType = wrapper.application; includeInIndex = 0; path = "Space Invaders.app"; sourceTree = BUILT_PRODUCTS_DIR; };
		E11D1074186CD70800643AED /* Space Invaders-Info.plist */ = {isa = PBXFileReference; lastKnownFileType = text.plist.xml; path = "Space Invaders-Info.plist"; sourceTree = "<group>"; };
		E11D1075186CD70800643AED /* ResourcePath.mm */ = {isa = PBXFileReference; lastKnownFileType = sourcecode.cpp.objcpp; path = ResourcePath.mm; sourceTree = "<group>"; };
		E11D1077186CD70800643AED /* ResourcePath.hpp */ = {isa = PBXFileReference; lastKnownFileType = sourcecode.cpp.h; path = ResourcePath.hpp; sourceTree = "<group>"; };
		E11D1078186CD70800643AED /* main.cpp */ = {isa = PBXFileReference; lastKnownFileType = sourcecode.cpp.cpp; path = main.cpp; sourceTree = "<group>"; };
		E11D107F186CD70800643AED /* sansation.ttf */ = {isa = PBXFileReference; lastKnownFileType = file; path = sansation.ttf; sourceTree = "<group>"; };
		E11D1081186CD70800643AED /* icon.png */ = {isa = PBXFileReference; lastKnownFileType = image.png; path = icon.png; sourceTree = "<group>"; };
		E11D108B186CDBFF00643AED /* Textures.cpp */ = {isa = PBXFileReference; fileEncoding = 4; lastKnownFileType = sourcecode.cpp.cpp; path = Textures.cpp; sourceTree = "<group>"; };
		E11D108C186CDBFF00643AED /* Textures.h */ = {isa = PBXFileReference; fileEncoding = 4; lastKnownFileType = sourcecode.c.h; path = Textures.h; sourceTree = "<group>"; };
		E11D108E186CE37C00643AED /* player.png */ = {isa = PBXFileReference; lastKnownFileType = image.png; path = player.png; sourceTree = "<group>"; };
		E12A98DD186CEA1A000EBD46 /* invader-2-frame-1.png */ = {isa = PBXFileReference; lastKnownFileType = image.png; path = "invader-2-frame-1.png"; sourceTree = "<group>"; };
		E12A98DE186CEA1A000EBD46 /* invader-2-frame-2.png */ = {isa = PBXFileReference; lastKnownFileType = image.png; path = "invader-2-frame-2.png"; sourceTree = "<group>"; };
		E12A98E1186CEB0B000EBD46 /* Invader.cpp */ = {isa = PBXFileReference; fileEncoding = 4; lastKnownFileType = sourcecode.cpp.cpp; path = Invader.cpp; sourceTree = "<group>"; };
		E12A98E2186CEB0B000EBD46 /* Invader.h */ = {isa = PBXFileReference; fileEncoding = 4; lastKnownFileType = sourcecode.c.h; path = Invader.h; sourceTree = "<group>"; };
		E12A98E4186DB800000EBD46 /* Player.cpp */ = {isa = PBXFileReference; fileEncoding = 4; lastKnownFileType = sourcecode.cpp.cpp; path = Player.cpp; sourceTree = "<group>"; };
		E12A98E5186DB800000EBD46 /* Player.h */ = {isa = PBXFileReference; fileEncoding = 4; lastKnownFileType = sourcecode.c.h; path = Player.h; sourceTree = "<group>"; };
		E12A98E8186DB9B0000EBD46 /* DeltaListener.h */ = {isa = PBXFileReference; fileEncoding = 4; lastKnownFileType = sourcecode.c.h; path = DeltaListener.h; sourceTree = "<group>"; };
		E12A98EA186E23AF000EBD46 /* StateBasedGame.cpp */ = {isa = PBXFileReference; fileEncoding = 4; lastKnownFileType = sourcecode.cpp.cpp; path = StateBasedGame.cpp; sourceTree = "<group>"; };
		E12A98EB186E23AF000EBD46 /* StateBasedGame.h */ = {isa = PBXFileReference; fileEncoding = 4; lastKnownFileType = sourcecode.c.h; path = StateBasedGame.h; sourceTree = "<group>"; };
		E12A98ED186E23DA000EBD46 /* GameState.cpp */ = {isa = PBXFileReference; fileEncoding = 4; lastKnownFileType = sourcecode.cpp.cpp; path = GameState.cpp; sourceTree = "<group>"; };
		E12A98EE186E23DA000EBD46 /* GameState.h */ = {isa = PBXFileReference; fileEncoding = 4; lastKnownFileType = sourcecode.c.h; path = GameState.h; sourceTree = "<group>"; };
		E12A98F0186E29DF000EBD46 /* PlayingState.cpp */ = {isa = PBXFileReference; fileEncoding = 4; lastKnownFileType = sourcecode.cpp.cpp; path = PlayingState.cpp; sourceTree = "<group>"; };
		E12A98F1186E29DF000EBD46 /* PlayingState.h */ = {isa = PBXFileReference; fileEncoding = 4; lastKnownFileType = sourcecode.c.h; path = PlayingState.h; sourceTree = "<group>"; };
/* End PBXFileReference section */

/* Begin PBXFrameworksBuildPhase section */
		E11D106C186CD70800643AED /* Frameworks */ = {
			isa = PBXFrameworksBuildPhase;
			buildActionMask = 2147483647;
			files = (
			);
			runOnlyForDeploymentPostprocessing = 0;
		};
/* End PBXFrameworksBuildPhase section */

/* Begin PBXGroup section */
		E11D1066186CD70800643AED = {
			isa = PBXGroup;
			children = (
				E11D1072186CD70800643AED /* Space Invaders */,
				E11D1071186CD70800643AED /* Products */,
			);
			sourceTree = "<group>";
		};
		E11D1071186CD70800643AED /* Products */ = {
			isa = PBXGroup;
			children = (
				E11D1070186CD70800643AED /* Space Invaders.app */,
			);
			name = Products;
			sourceTree = "<group>";
		};
		E11D1072186CD70800643AED /* Space Invaders */ = {
			isa = PBXGroup;
			children = (
				E11D1075186CD70800643AED /* ResourcePath.mm */,
				E11D1077186CD70800643AED /* ResourcePath.hpp */,
				E11D1078186CD70800643AED /* main.cpp */,
				E12A98F0186E29DF000EBD46 /* PlayingState.cpp */,
				E12A98F1186E29DF000EBD46 /* PlayingState.h */,
				E12A98EA186E23AF000EBD46 /* StateBasedGame.cpp */,
				E12A98EB186E23AF000EBD46 /* StateBasedGame.h */,
				E12A98ED186E23DA000EBD46 /* GameState.cpp */,
				E12A98EE186E23DA000EBD46 /* GameState.h */,
				E12A98E4186DB800000EBD46 /* Player.cpp */,
				E12A98E5186DB800000EBD46 /* Player.h */,
				E12A98E8186DB9B0000EBD46 /* DeltaListener.h */,
				E11D108B186CDBFF00643AED /* Textures.cpp */,
				E11D108C186CDBFF00643AED /* Textures.h */,
				E12A98E1186CEB0B000EBD46 /* Invader.cpp */,
				E12A98E2186CEB0B000EBD46 /* Invader.h */,
				E11D107A186CD70800643AED /* Resources */,
				E11D1073186CD70800643AED /* Supporting Files */,
			);
			path = "Space Invaders";
			sourceTree = "<group>";
		};
		E11D1073186CD70800643AED /* Supporting Files */ = {
			isa = PBXGroup;
			children = (
				E11D1074186CD70800643AED /* Space Invaders-Info.plist */,
			);
			name = "Supporting Files";
			sourceTree = "<group>";
		};
		E11D107A186CD70800643AED /* Resources */ = {
			isa = PBXGroup;
			children = (
				E12A98DD186CEA1A000EBD46 /* invader-2-frame-1.png */,
				E12A98DE186CEA1A000EBD46 /* invader-2-frame-2.png */,
				E11D108E186CE37C00643AED /* player.png */,
				E11D107F186CD70800643AED /* sansation.ttf */,
				E11D1081186CD70800643AED /* icon.png */,
			);
			name = Resources;
			sourceTree = "<group>";
		};
/* End PBXGroup section */

/* Begin PBXNativeTarget section */
		E11D106F186CD70800643AED /* Space Invaders */ = {
			isa = PBXNativeTarget;
			buildConfigurationList = E11D1085186CD70800643AED /* Build configuration list for PBXNativeTarget "Space Invaders" */;
			buildPhases = (
				E11D106B186CD70800643AED /* Sources */,
				E11D106C186CD70800643AED /* Frameworks */,
				E11D106D186CD70800643AED /* Resources */,
				E11D106E186CD70800643AED /* ShellScript */,
			);
			buildRules = (
			);
			dependencies = (
			);
			name = "Space Invaders";
			productName = "Space Invaders";
			productReference = E11D1070186CD70800643AED /* Space Invaders.app */;
			productType = "com.apple.product-type.application";
		};
/* End PBXNativeTarget section */

/* Begin PBXProject section */
		E11D1067186CD70800643AED /* Project object */ = {
			isa = PBXProject;
			attributes = {
				LastUpgradeCheck = 0500;
				ORGANIZATIONNAME = "Robert Berry";
			};
			buildConfigurationList = E11D106A186CD70800643AED /* Build configuration list for PBXProject "Space Invaders" */;
			compatibilityVersion = "Xcode 3.2";
			developmentRegion = English;
			hasScannedForEncodings = 0;
			knownRegions = (
				en,
			);
			mainGroup = E11D1066186CD70800643AED;
			productRefGroup = E11D1071186CD70800643AED /* Products */;
			projectDirPath = "";
			projectRoot = "";
			targets = (
				E11D106F186CD70800643AED /* Space Invaders */,
			);
		};
/* End PBXProject section */

/* Begin PBXResourcesBuildPhase section */
		E11D106D186CD70800643AED /* Resources */ = {
			isa = PBXResourcesBuildPhase;
			buildActionMask = 2147483647;
			files = (
				E11D1082186CD70800643AED /* icon.png in Resources */,
				E11D1080186CD70800643AED /* sansation.ttf in Resources */,
				E12A98DF186CEA1A000EBD46 /* invader-2-frame-1.png in Resources */,
				E12A98E0186CEA1A000EBD46 /* invader-2-frame-2.png in Resources */,
				E11D108F186CE37C00643AED /* player.png in Resources */,
			);
			runOnlyForDeploymentPostprocessing = 0;
		};
/* End PBXResourcesBuildPhase section */

/* Begin PBXShellScriptBuildPhase section */
		E11D106E186CD70800643AED /* ShellScript */ = {
			isa = PBXShellScriptBuildPhase;
			buildActionMask = 2147483647;
			files = (
			);
			inputPaths = (
			);
			outputPaths = (
			);
			runOnlyForDeploymentPostprocessing = 0;
			shellPath = /bin/sh;
			shellScript = "# This shell script simply copies required sfml dylibs/frameworks into the application bundle frameworks folder.\n# If you're using static libraries (which is not recommended) you should remove this script from your project.\n\n# Are we building a project that uses framework or dylibs ?\ncase \"$SFML_BINARY_TYPE\" in\n    DYLIBS)\n        frameworks=\"false\"\n        ;;\n    *)\n        frameworks=\"true\"\n        ;;\nesac\n\n# Echoes to stderr\nerror () # $* message to display\n{\n    echo $* 1>&2\n    exit 2\n}\n\nassert () # $1 is a boolean, $2...N is an error message\n{\n    if [ $# -lt 2 ]\n    then\n        error \"Internal error in assert : not enough args\"\n    fi\n\n    if [ $1 -ne 0 ]\n    then\n        shift\n        error \"$*\"\n    fi\n}\n\nforce_remove () # $1 is a path\n{\n    test $# -eq 1\n    assert $? \"force_remove() requires one parameter\"\n    rm -fr \"$1\"\n    assert $? \"couldn't remove $1\"\n}\n\ncopy () # $1 is a source, $2 is a destination\n{\n    test $# -eq 2\n    assert $? \"copy() requires two parameters\"\n    ditto \"$1\" \"$2\"\n    assert $? \"couldn't copy $1 to $2\"\n}\n\nrequire () # $1 is a SFML module like 'system' or 'audio'\n{\n    dest=\"$BUILT_PRODUCTS_DIR/$PRODUCT_NAME.app/Contents/Frameworks\"\n\n    if [ -z \"$1\" ]\n    then\n        error \"require() requires one parameter!\"\n    else\n        # clean potentially old stuff\n        force_remove \"$dest/libsfml-$1.2.dylib\"\n        force_remove \"$dest/libsfml-$1-d.2.dylib\"\n        force_remove \"$dest/sfml-$1.framework\"\n\n        # copy SFML libraries\n        if [ \"$frameworks\" = \"true\" ]\n        then\n            copy \"/Library/Frameworks/sfml-$1.framework\" \"$dest/sfml-$1.framework\"\n        elif [ \"$SFML_LINK_DYLIBS_SUFFIX\" = \"-d\" ]\n        then\n            copy \"/usr/local/lib/libsfml-$1-d.2.dylib\" \"$dest/libsfml-$1-d.2.dylib\"\n        else\n            copy \"/usr/local/lib/libsfml-$1.2.dylib\" \"$dest/libsfml-$1.2.dylib\"\n        fi\n\n        if [ \"$1\" = \"audio\" ]\n        then\n            # copy sndfile framework too\n            copy \"/Library/Frameworks/sndfile.framework\" \"$dest/sndfile.framework\"\n        fi\n\n        if [ \"$1\" = \"graphics\" ]\n        then\n            # copy freetype framework too\n            copy \"/Library/Frameworks/freetype.framework\" \"$dest/freetype.framework\"\n        fi\n    fi\n}\n\nif [ -n \"$SFML_SYSTEM\" ]\nthen\n    require \"system\"\nfi\n\nif [ -n \"$SFML_AUDIO\" ]\nthen\n    require \"audio\"\nfi\n\nif [ -n \"$SFML_NETWORK\" ]\nthen\n    require \"network\"\nfi\n\nif [ -n \"$SFML_WINDOW\" ]\nthen\n    require \"window\"\nfi\n\nif [ -n \"$SFML_GRAPHICS\" ]\nthen\n    require \"graphics\"\nfi\n\n                ";
		};
/* End PBXShellScriptBuildPhase section */

/* Begin PBXSourcesBuildPhase section */
		E11D106B186CD70800643AED /* Sources */ = {
			isa = PBXSourcesBuildPhase;
			buildActionMask = 2147483647;
			files = (
				E11D1079186CD70800643AED /* main.cpp in Sources */,
				E12A98EC186E23AF000EBD46 /* StateBasedGame.cpp in Sources */,
				E12A98E3186CEB0B000EBD46 /* Invader.cpp in Sources */,
				E11D108D186CDBFF00643AED /* Textures.cpp in Sources */,
				E12A98EF186E23DA000EBD46 /* GameState.cpp in Sources */,
				E11D1076186CD70800643AED /* ResourcePath.mm in Sources */,
				E12A98F2186E29DF000EBD46 /* PlayingState.cpp in Sources */,
				E12A98E6186DB800000EBD46 /* Player.cpp in Sources */,
			);
			runOnlyForDeploymentPostprocessing = 0;
		};
/* End PBXSourcesBuildPhase section */

/* Begin XCBuildConfiguration section */
		E11D1083186CD70800643AED /* Debug */ = {
			isa = XCBuildConfiguration;
			buildSettings = {
				ARCHS = "$(ARCHS_STANDARD_32_64_BIT)";
				CLANG_CXX_LANGUAGE_STANDARD = "c++0x";
				CLANG_CXX_LIBRARY = "libc++";
				CLANG_WARN_EMPTY_BODY = YES;
				CLANG_WARN__DUPLICATE_METHOD_MATCH = YES;
				FRAMEWORK_SEARCH_PATHS = (
					/Library/Frameworks/,
					"$(inherited)",
				);
				GCC_OPTIMIZATION_LEVEL = 0;
				GCC_PREPROCESSOR_DEFINITIONS = (
					"DEBUG=1",
					"$(inherited)",
				);
				GCC_VERSION = com.apple.compilers.llvm.clang.1_0;
				GCC_WARN_ABOUT_RETURN_TYPE = YES;
				GCC_WARN_UNINITIALIZED_AUTOS = YES;
				GCC_WARN_UNUSED_VARIABLE = YES;
				HEADER_SEARCH_PATHS = (
					/usr/local/include/,
					"$(inherited)",
				);
				LIBRARY_SEARCH_PATHS = (
					/usr/local/lib/,
					"$(inherited)",
				);
				ONLY_ACTIVE_ARCH = NO;
				OTHER_LDFLAGS = (
					"$(inherited)",
					"$(SFML_SYSTEM)",
					"$(SFML_WINDOW)",
					"$(SFML_GRAPHICS)",
					"$(SFML_AUDIO)",
					"$(SFML_NETWORK)",
				);
				SFML_AUDIO = "$(SFML_LINK_PREFIX) sfml-audio$(SFML_LINK_SUFFIX)";
				SFML_BINARY_TYPE = FRAMEWORKS;
				SFML_GRAPHICS = "$(SFML_LINK_PREFIX) sfml-graphics$(SFML_LINK_SUFFIX)";
				SFML_LINK_DYLIBS_PREFIX = "-l";
				SFML_LINK_DYLIBS_SUFFIX = "";
				SFML_LINK_FRAMEWORKS_PREFIX = "-framework";
				SFML_LINK_FRAMEWORKS_SUFFIX = "";
				SFML_LINK_PREFIX = "$(SFML_LINK_$(SFML_BINARY_TYPE)_PREFIX)";
				SFML_LINK_SUFFIX = "$(SFML_LINK_$(SFML_BINARY_TYPE)_SUFFIX)";
				SFML_NETWORK = "$(SFML_LINK_PREFIX) sfml-network$(SFML_LINK_SUFFIX)";
				SFML_SYSTEM = "$(SFML_LINK_PREFIX) sfml-system$(SFML_LINK_SUFFIX)";
				SFML_WINDOW = "$(SFML_LINK_PREFIX) sfml-window$(SFML_LINK_SUFFIX)";
				SUPPORTED_PLATFORMS = macosx;
			};
			name = Debug;
		};
		E11D1084186CD70800643AED /* Release */ = {
			isa = XCBuildConfiguration;
			buildSettings = {
				ARCHS = "$(ARCHS_STANDARD_32_64_BIT)";
				CLANG_CXX_LANGUAGE_STANDARD = "c++0x";
				CLANG_CXX_LIBRARY = "libc++";
				CLANG_WARN_EMPTY_BODY = YES;
				CLANG_WARN__DUPLICATE_METHOD_MATCH = YES;
				COPY_PHASE_STRIP = YES;
				FRAMEWORK_SEARCH_PATHS = (
					/Library/Frameworks/,
					"$(inherited)",
				);
				GCC_VERSION = com.apple.compilers.llvm.clang.1_0;
				GCC_WARN_ABOUT_RETURN_TYPE = YES;
				GCC_WARN_UNINITIALIZED_AUTOS = YES;
				GCC_WARN_UNUSED_VARIABLE = YES;
				HEADER_SEARCH_PATHS = (
					/usr/local/include/,
					"$(inherited)",
				);
				LIBRARY_SEARCH_PATHS = (
					/usr/local/lib/,
					"$(inherited)",
				);
				ONLY_ACTIVE_ARCH = NO;
				OTHER_LDFLAGS = (
					"$(inherited)",
					"$(SFML_SYSTEM)",
					"$(SFML_WINDOW)",
					"$(SFML_GRAPHICS)",
					"$(SFML_AUDIO)",
					"$(SFML_NETWORK)",
				);
				SFML_AUDIO = "$(SFML_LINK_PREFIX) sfml-audio$(SFML_LINK_SUFFIX)";
				SFML_BINARY_TYPE = FRAMEWORKS;
				SFML_GRAPHICS = "$(SFML_LINK_PREFIX) sfml-graphics$(SFML_LINK_SUFFIX)";
				SFML_LINK_DYLIBS_PREFIX = "-l";
				SFML_LINK_DYLIBS_SUFFIX = "";
				SFML_LINK_FRAMEWORKS_PREFIX = "-framework";
				SFML_LINK_FRAMEWORKS_SUFFIX = "";
				SFML_LINK_PREFIX = "$(SFML_LINK_$(SFML_BINARY_TYPE)_PREFIX)";
				SFML_LINK_SUFFIX = "$(SFML_LINK_$(SFML_BINARY_TYPE)_SUFFIX)";
				SFML_NETWORK = "$(SFML_LINK_PREFIX) sfml-network$(SFML_LINK_SUFFIX)";
				SFML_SYSTEM = "$(SFML_LINK_PREFIX) sfml-system$(SFML_LINK_SUFFIX)";
				SFML_WINDOW = "$(SFML_LINK_PREFIX) sfml-window$(SFML_LINK_SUFFIX)";
				SUPPORTED_PLATFORMS = macosx;
			};
			name = Release;
		};
		E11D1086186CD70800643AED /* Debug */ = {
			isa = XCBuildConfiguration;
			buildSettings = {
				INFOPLIST_FILE = "Space Invaders/Space Invaders-Info.plist";
				PRODUCT_NAME = "$(TARGET_NAME)";
			};
			name = Debug;
		};
		E11D1087186CD70800643AED /* Release */ = {
			isa = XCBuildConfiguration;
			buildSettings = {
				INFOPLIST_FILE = "Space Invaders/Space Invaders-Info.plist";
				PRODUCT_NAME = "$(TARGET_NAME)";
			};
			name = Release;
		};
/* End XCBuildConfiguration section */

/* Begin XCConfigurationList section */
		E11D106A186CD70800643AED /* Build configuration list for PBXProject "Space Invaders" */ = {
			isa = XCConfigurationList;
			buildConfigurations = (
				E11D1083186CD70800643AED /* Debug */,
				E11D1084186CD70800643AED /* Release */,
			);
			defaultConfigurationIsVisible = 0;
			defaultConfigurationName = Release;
		};
		E11D1085186CD70800643AED /* Build configuration list for PBXNativeTarget "Space Invaders" */ = {
			isa = XCConfigurationList;
			buildConfigurations = (
				E11D1086186CD70800643AED /* Debug */,
				E11D1087186CD70800643AED /* Release */,
			);
			defaultConfigurationIsVisible = 0;
			defaultConfigurationName = Release;
		};
/* End XCConfigurationList section */
	};
	rootObject = E11D1067186CD70800643AED /* Project object */;
}
